
Microsoft Visual Studio Solution File, Format Version 12.00
# Visual Studio Version 17
VisualStudioVersion = 17.14.36603.0 d17.14
MinimumVisualStudioVersion = 10.0.40219.1
Project("{FAE04EC0-301F-11D3-BF4B-00C04F79EFBC}") = "AkariApi", "AkariApi.csproj", "{8141C7F8-1914-4919-A173-B44B48671075}"
EndProject
Global
	GlobalSection(SolutionConfigurationPlatforms) = preSolution
		Debug|Any CPU = Debug|Any CPU
		Release|Any CPU = Release|Any CPU
	EndGlobalSection
	GlobalSection(ProjectConfigurationPlatforms) = postSolution
		{8141C7F8-1914-4919-A173-B44B48671075}.Debug|Any CPU.ActiveCfg = Debug|Any CPU
		{8141C7F8-1914-4919-A173-B44B48671075}.Debug|Any CPU.Build.0 = Debug|Any CPU
		{8141C7F8-1914-4919-A173-B44B48671075}.Release|Any CPU.ActiveCfg = Release|Any CPU
		{8141C7F8-1914-4919-A173-B44B48671075}.Release|Any CPU.Build.0 = Release|Any CPU
	EndGlobalSection
	GlobalSection(SolutionProperties) = preSolution
		HideSolutionNode = FALSE
	EndGlobalSection
	GlobalSection(ExtensibilityGlobals) = postSolution
		SolutionGuid = {8F7FE91B-33C8-4012-93C6-3FAB501478E7}
	EndGlobalSection
EndGlobal
